
Microsoft Visual Studio Solution File, Format Version 12.00
# Visual Studio Version 17
VisualStudioVersion = 17.1.32328.378
MinimumVisualStudioVersion = 10.0.40219.1
Project("{FAE04EC0-301F-11D3-BF4B-00C04F79EFBC}") = "UmbracoTest", "UmbracoTest.csproj", "{5758BABC-0F52-4C3E-89E8-3A71AB8C8526}"
EndProject
Global
	GlobalSection(SolutionConfigurationPlatforms) = preSolution
		Debug|Any CPU = Debug|Any CPU
		Release|Any CPU = Release|Any CPU
	EndGlobalSection
	GlobalSection(ProjectConfigurationPlatforms) = postSolution
		{5758BABC-0F52-4C3E-89E8-3A71AB8C8526}.Debug|Any CPU.ActiveCfg = Debug|Any CPU
		{5758BABC-0F52-4C3E-89E8-3A71AB8C8526}.Debug|Any CPU.Build.0 = Debug|Any CPU
		{5758BABC-0F52-4C3E-89E8-3A71AB8C8526}.Release|Any CPU.ActiveCfg = Release|Any CPU
		{5758BABC-0F52-4C3E-89E8-3A71AB8C8526}.Release|Any CPU.Build.0 = Release|Any CPU
	EndGlobalSection
	GlobalSection(SolutionProperties) = preSolution
		HideSolutionNode = FALSE
	EndGlobalSection
	GlobalSection(ExtensibilityGlobals) = postSolution
		SolutionGuid = {B54392FD-8F73-439B-BAF8-4DDE97492830}
	EndGlobalSection
EndGlobal
